
Microsoft Visual Studio Solution File, Format Version 12.00
# Visual Studio 15
VisualStudioVersion = 15.0.28307.1169
MinimumVisualStudioVersion = 10.0.40219.1
Project("{888888A0-9F3D-457C-B088-3A5042F75D52}") = "Natural_selection_simulation_2", "Natural_selection_simulation_2\Natural_selection_simulation_2.pyproj", "{E2CCC9F6-3EFC-443C-9AEC-BF34E2C4B67D}"
EndProject
Global
	GlobalSection(SolutionConfigurationPlatforms) = preSolution
		Debug|Any CPU = Debug|Any CPU
		Release|Any CPU = Release|Any CPU
	EndGlobalSection
	GlobalSection(ProjectConfigurationPlatforms) = postSolution
		{E2CCC9F6-3EFC-443C-9AEC-BF34E2C4B67D}.Debug|Any CPU.ActiveCfg = Debug|Any CPU
		{E2CCC9F6-3EFC-443C-9AEC-BF34E2C4B67D}.Release|Any CPU.ActiveCfg = Release|Any CPU
	EndGlobalSection
	GlobalSection(SolutionProperties) = preSolution
		HideSolutionNode = FALSE
	EndGlobalSection
	GlobalSection(ExtensibilityGlobals) = postSolution
		SolutionGuid = {98E29405-2404-4065-A65E-9FCD156F234E}
	EndGlobalSection
EndGlobal
